
Microsoft Visual Studio Solution File, Format Version 12.00
# Visual Studio 15
VisualStudioVersion = 15.0.28010.2026
MinimumVisualStudioVersion = 10.0.40219.1
Project("{FAE04EC0-301F-11D3-BF4B-00C04F79EFBC}") = "AppProdu.Android", "AppProdu\AppProdu.Android\AppProdu.Android.csproj", "{CF015721-F79F-4C90-B00D-080A84BA2B73}"
EndProject
Project("{FAE04EC0-301F-11D3-BF4B-00C04F79EFBC}") = "AppProdu.iOS", "AppProdu\AppProdu.iOS\AppProdu.iOS.csproj", "{E1296DF3-F289-4BCE-8DA4-BABD04491386}"
EndProject
Project("{FAE04EC0-301F-11D3-BF4B-00C04F79EFBC}") = "AppProdu.UWP", "AppProdu\AppProdu.UWP\AppProdu.UWP.csproj", "{E4FC406D-B414-472E-BF84-D73EFA4FBE7F}"
EndProject
Project("{9A19103F-16F7-4668-BE54-9A1E7A4F7556}") = "AppProdu", "AppProdu\AppProdu\AppProdu.csproj", "{91E19DA1-508B-48CA-B82E-38841713A080}"
EndProject
Global
	GlobalSection(SolutionConfigurationPlatforms) = preSolution
		Ad-Hoc|Any CPU = Ad-Hoc|Any CPU
		Ad-Hoc|ARM = Ad-Hoc|ARM
		Ad-Hoc|iPhone = Ad-Hoc|iPhone
		Ad-Hoc|iPhoneSimulator = Ad-Hoc|iPhoneSimulator
		Ad-Hoc|x64 = Ad-Hoc|x64
		Ad-Hoc|x86 = Ad-Hoc|x86
		AppStore|Any CPU = AppStore|Any CPU
		AppStore|ARM = AppStore|ARM
		AppStore|iPhone = AppStore|iPhone
		AppStore|iPhoneSimulator = AppStore|iPhoneSimulator
		AppStore|x64 = AppStore|x64
		AppStore|x86 = AppStore|x86
		Debug|Any CPU = Debug|Any CPU
		Debug|ARM = Debug|ARM
		Debug|iPhone = Debug|iPhone
		Debug|iPhoneSimulator = Debug|iPhoneSimulator
		Debug|x64 = Debug|x64
		Debug|x86 = Debug|x86
		Release|Any CPU = Release|Any CPU
		Release|ARM = Release|ARM
		Release|iPhone = Release|iPhone
		Release|iPhoneSimulator = Release|iPhoneSimulator
		Release|x64 = Release|x64
		Release|x86 = Release|x86
	EndGlobalSection
	GlobalSection(ProjectConfigurationPlatforms) = postSolution
		{CF015721-F79F-4C90-B00D-080A84BA2B73}.Ad-Hoc|Any CPU.ActiveCfg = Release|Any CPU
		{CF015721-F79F-4C90-B00D-080A84BA2B73}.Ad-Hoc|Any CPU.Build.0 = Release|Any CPU
		{CF015721-F79F-4C90-B00D-080A84BA2B73}.Ad-Hoc|Any CPU.Deploy.0 = Release|Any CPU
		{CF015721-F79F-4C90-B00D-080A84BA2B73}.Ad-Hoc|ARM.ActiveCfg = Release|Any CPU
		{CF015721-F79F-4C90-B00D-080A84BA2B73}.Ad-Hoc|ARM.Build.0 = Release|Any CPU
		{CF015721-F79F-4C90-B00D-080A84BA2B73}.Ad-Hoc|ARM.Deploy.0 = Release|Any CPU
		{CF015721-F79F-4C90-B00D-080A84BA2B73}.Ad-Hoc|iPhone.ActiveCfg = Release|Any CPU
		{CF015721-F79F-4C90-B00D-080A84BA2B73}.Ad-Hoc|iPhone.Build.0 = Release|Any CPU
		{CF015721-F79F-4C90-B00D-080A84BA2B73}.Ad-Hoc|iPhone.Deploy.0 = Release|Any CPU
		{CF015721-F79F-4C90-B00D-080A84BA2B73}.Ad-Hoc|iPhoneSimulator.ActiveCfg = Release|Any CPU
		{CF015721-F79F-4C90-B00D-080A84BA2B73}.Ad-Hoc|iPhoneSimulator.Build.0 = Release|Any CPU
		{CF015721-F79F-4C90-B00D-080A84BA2B73}.Ad-Hoc|iPhoneSimulator.Deploy.0 = Release|Any CPU
		{CF015721-F79F-4C90-B00D-080A84BA2B73}.Ad-Hoc|x64.ActiveCfg = Release|Any CPU
		{CF015721-F79F-4C90-B00D-080A84BA2B73}.Ad-Hoc|x64.Build.0 = Release|Any CPU
		{CF015721-F79F-4C90-B00D-080A84BA2B73}.Ad-Hoc|x64.Deploy.0 = Release|Any CPU
		{CF015721-F79F-4C90-B00D-080A84BA2B73}.Ad-Hoc|x86.ActiveCfg = Release|Any CPU
		{CF015721-F79F-4C90-B00D-080A84BA2B73}.Ad-Hoc|x86.Build.0 = Release|Any CPU
		{CF015721-F79F-4C90-B00D-080A84BA2B73}.Ad-Hoc|x86.Deploy.0 = Release|Any CPU
		{CF015721-F79F-4C90-B00D-080A84BA2B73}.AppStore|Any CPU.ActiveCfg = Release|Any CPU
		{CF015721-F79F-4C90-B00D-080A84BA2B73}.AppStore|Any CPU.Build.0 = Release|Any CPU
		{CF015721-F79F-4C90-B00D-080A84BA2B73}.AppStore|Any CPU.Deploy.0 = Release|Any CPU
		{CF015721-F79F-4C90-B00D-080A84BA2B73}.AppStore|ARM.ActiveCfg = Release|Any CPU
		{CF015721-F79F-4C90-B00D-080A84BA2B73}.AppStore|ARM.Build.0 = Release|Any CPU
		{CF015721-F79F-4C90-B00D-080A84BA2B73}.AppStore|ARM.Deploy.0 = Release|Any CPU
		{CF015721-F79F-4C90-B00D-080A84BA2B73}.AppStore|iPhone.ActiveCfg = Release|Any CPU
		{CF015721-F79F-4C90-B00D-080A84BA2B73}.AppStore|iPhone.Build.0 = Release|Any CPU
		{CF015721-F79F-4C90-B00D-080A84BA2B73}.AppStore|iPhone.Deploy.0 = Release|Any CPU
		{CF015721-F79F-4C90-B00D-080A84BA2B73}.AppStore|iPhoneSimulator.ActiveCfg = Release|Any CPU
		{CF015721-F79F-4C90-B00D-080A84BA2B73}.AppStore|iPhoneSimulator.Build.0 = Release|Any CPU
		{CF015721-F79F-4C90-B00D-080A84BA2B73}.AppStore|iPhoneSimulator.Deploy.0 = Release|Any CPU
		{CF015721-F79F-4C90-B00D-080A84BA2B73}.AppStore|x64.ActiveCfg = Release|Any CPU
		{CF015721-F79F-4C90-B00D-080A84BA2B73}.AppStore|x64.Build.0 = Release|Any CPU
		{CF015721-F79F-4C90-B00D-080A84BA2B73}.AppStore|x64.Deploy.0 = Release|Any CPU
		{CF015721-F79F-4C90-B00D-080A84BA2B73}.AppStore|x86.ActiveCfg = Release|Any CPU
		{CF015721-F79F-4C90-B00D-080A84BA2B73}.AppStore|x86.Build.0 = Release|Any CPU
		{CF015721-F79F-4C90-B00D-080A84BA2B73}.AppStore|x86.Deploy.0 = Release|Any CPU
		{CF015721-F79F-4C90-B00D-080A84BA2B73}.Debug|Any CPU.ActiveCfg = Debug|Any CPU
		{CF015721-F79F-4C90-B00D-080A84BA2B73}.Debug|Any CPU.Build.0 = Debug|Any CPU
		{CF015721-F79F-4C90-B00D-080A84BA2B73}.Debug|Any CPU.Deploy.0 = Debug|Any CPU
		{CF015721-F79F-4C90-B00D-080A84BA2B73}.Debug|ARM.ActiveCfg = Debug|Any CPU
		{CF015721-F79F-4C90-B00D-080A84BA2B73}.Debug|ARM.Build.0 = Debug|Any CPU
		{CF015721-F79F-4C90-B00D-080A84BA2B73}.Debug|ARM.Deploy.0 = Debug|Any CPU
		{CF015721-F79F-4C90-B00D-080A84BA2B73}.Debug|iPhone.ActiveCfg = Debug|Any CPU
		{CF015721-F79F-4C90-B00D-080A84BA2B73}.Debug|iPhone.Build.0 = Debug|Any CPU
		{CF015721-F79F-4C90-B00D-080A84BA2B73}.Debug|iPhone.Deploy.0 = Debug|Any CPU
		{CF015721-F79F-4C90-B00D-080A84BA2B73}.Debug|iPhoneSimulator.ActiveCfg = Debug|Any CPU
		{CF015721-F79F-4C90-B00D-080A84BA2B73}.Debug|iPhoneSimulator.Build.0 = Debug|Any CPU
		{CF015721-F79F-4C90-B00D-080A84BA2B73}.Debug|iPhoneSimulator.Deploy.0 = Debug|Any CPU
		{CF015721-F79F-4C90-B00D-080A84BA2B73}.Debug|x64.ActiveCfg = Debug|Any CPU
		{CF015721-F79F-4C90-B00D-080A84BA2B73}.Debug|x64.Build.0 = Debug|Any CPU
		{CF015721-F79F-4C90-B00D-080A84BA2B73}.Debug|x64.Deploy.0 = Debug|Any CPU
		{CF015721-F79F-4C90-B00D-080A84BA2B73}.Debug|x86.ActiveCfg = Debug|Any CPU
		{CF015721-F79F-4C90-B00D-080A84BA2B73}.Debug|x86.Build.0 = Debug|Any CPU
		{CF015721-F79F-4C90-B00D-080A84BA2B73}.Debug|x86.Deploy.0 = Debug|Any CPU
		{CF015721-F79F-4C90-B00D-080A84BA2B73}.Release|Any CPU.ActiveCfg = Release|Any CPU
		{CF015721-F79F-4C90-B00D-080A84BA2B73}.Release|Any CPU.Build.0 = Release|Any CPU
		{CF015721-F79F-4C90-B00D-080A84BA2B73}.Release|Any CPU.Deploy.0 = Release|Any CPU
		{CF015721-F79F-4C90-B00D-080A84BA2B73}.Release|ARM.ActiveCfg = Release|Any CPU
		{CF015721-F79F-4C90-B00D-080A84BA2B73}.Release|ARM.Build.0 = Release|Any CPU
		{CF015721-F79F-4C90-B00D-080A84BA2B73}.Release|ARM.Deploy.0 = Release|Any CPU
		{CF015721-F79F-4C90-B00D-080A84BA2B73}.Release|iPhone.ActiveCfg = Release|Any CPU
		{CF015721-F79F-4C90-B00D-080A84BA2B73}.Release|iPhone.Build.0 = Release|Any CPU
		{CF015721-F79F-4C90-B00D-080A84BA2B73}.Release|iPhone.Deploy.0 = Release|Any CPU
		{CF015721-F79F-4C90-B00D-080A84BA2B73}.Release|iPhoneSimulator.ActiveCfg = Release|Any CPU
		{CF015721-F79F-4C90-B00D-080A84BA2B73}.Release|iPhoneSimulator.Build.0 = Release|Any CPU
		{CF015721-F79F-4C90-B00D-080A84BA2B73}.Release|iPhoneSimulator.Deploy.0 = Release|Any CPU
		{CF015721-F79F-4C90-B00D-080A84BA2B73}.Release|x64.ActiveCfg = Release|Any CPU
		{CF015721-F79F-4C90-B00D-080A84BA2B73}.Release|x64.Build.0 = Release|Any CPU
		{CF015721-F79F-4C90-B00D-080A84BA2B73}.Release|x64.Deploy.0 = Release|Any CPU
		{CF015721-F79F-4C90-B00D-080A84BA2B73}.Release|x86.ActiveCfg = Release|Any CPU
		{CF015721-F79F-4C90-B00D-080A84BA2B73}.Release|x86.Build.0 = Release|Any CPU
		{CF015721-F79F-4C90-B00D-080A84BA2B73}.Release|x86.Deploy.0 = Release|Any CPU
		{E1296DF3-F289-4BCE-8DA4-BABD04491386}.Ad-Hoc|Any CPU.ActiveCfg = Ad-Hoc|iPhone
		{E1296DF3-F289-4BCE-8DA4-BABD04491386}.Ad-Hoc|Any CPU.Build.0 = Ad-Hoc|iPhone
		{E1296DF3-F289-4BCE-8DA4-BABD04491386}.Ad-Hoc|Any CPU.Deploy.0 = Ad-Hoc|iPhone
		{E1296DF3-F289-4BCE-8DA4-BABD04491386}.Ad-Hoc|ARM.ActiveCfg = Ad-Hoc|iPhone
		{E1296DF3-F289-4BCE-8DA4-BABD04491386}.Ad-Hoc|ARM.Build.0 = Ad-Hoc|iPhone
		{E1296DF3-F289-4BCE-8DA4-BABD04491386}.Ad-Hoc|ARM.Deploy.0 = Ad-Hoc|iPhone
		{E1296DF3-F289-4BCE-8DA4-BABD04491386}.Ad-Hoc|iPhone.ActiveCfg = Ad-Hoc|iPhone
		{E1296DF3-F289-4BCE-8DA4-BABD04491386}.Ad-Hoc|iPhone.Build.0 = Ad-Hoc|iPhone
		{E1296DF3-F289-4BCE-8DA4-BABD04491386}.Ad-Hoc|iPhone.Deploy.0 = Ad-Hoc|iPhone
		{E1296DF3-F289-4BCE-8DA4-BABD04491386}.Ad-Hoc|iPhoneSimulator.ActiveCfg = Ad-Hoc|iPhoneSimulator
		{E1296DF3-F289-4BCE-8DA4-BABD04491386}.Ad-Hoc|iPhoneSimulator.Build.0 = Ad-Hoc|iPhoneSimulator
		{E1296DF3-F289-4BCE-8DA4-BABD04491386}.Ad-Hoc|iPhoneSimulator.Deploy.0 = Ad-Hoc|iPhoneSimulator
		{E1296DF3-F289-4BCE-8DA4-BABD04491386}.Ad-Hoc|x64.ActiveCfg = Ad-Hoc|iPhone
		{E1296DF3-F289-4BCE-8DA4-BABD04491386}.Ad-Hoc|x64.Build.0 = Ad-Hoc|iPhone
		{E1296DF3-F289-4BCE-8DA4-BABD04491386}.Ad-Hoc|x64.Deploy.0 = Ad-Hoc|iPhone
		{E1296DF3-F289-4BCE-8DA4-BABD04491386}.Ad-Hoc|x86.ActiveCfg = Ad-Hoc|iPhone
		{E1296DF3-F289-4BCE-8DA4-BABD04491386}.Ad-Hoc|x86.Build.0 = Ad-Hoc|iPhone
		{E1296DF3-F289-4BCE-8DA4-BABD04491386}.Ad-Hoc|x86.Deploy.0 = Ad-Hoc|iPhone
		{E1296DF3-F289-4BCE-8DA4-BABD04491386}.AppStore|Any CPU.ActiveCfg = AppStore|iPhone
		{E1296DF3-F289-4BCE-8DA4-BABD04491386}.AppStore|Any CPU.Build.0 = AppStore|iPhone
		{E1296DF3-F289-4BCE-8DA4-BABD04491386}.AppStore|Any CPU.Deploy.0 = AppStore|iPhone
		{E1296DF3-F289-4BCE-8DA4-BABD04491386}.AppStore|ARM.ActiveCfg = AppStore|iPhone
		{E1296DF3-F289-4BCE-8DA4-BABD04491386}.AppStore|ARM.Build.0 = AppStore|iPhone
		{E1296DF3-F289-4BCE-8DA4-BABD04491386}.AppStore|ARM.Deploy.0 = AppStore|iPhone
		{E1296DF3-F289-4BCE-8DA4-BABD04491386}.AppStore|iPhone.ActiveCfg = AppStore|iPhone
		{E1296DF3-F289-4BCE-8DA4-BABD04491386}.AppStore|iPhone.Build.0 = AppStore|iPhone
		{E1296DF3-F289-4BCE-8DA4-BABD04491386}.AppStore|iPhone.Deploy.0 = AppStore|iPhone
		{E1296DF3-F289-4BCE-8DA4-BABD04491386}.AppStore|iPhoneSimulator.ActiveCfg = AppStore|iPhoneSimulator
		{E1296DF3-F289-4BCE-8DA4-BABD04491386}.AppStore|iPhoneSimulator.Build.0 = AppStore|iPhoneSimulator
		{E1296DF3-F289-4BCE-8DA4-BABD04491386}.AppStore|iPhoneSimulator.Deploy.0 = AppStore|iPhoneSimulator
		{E1296DF3-F289-4BCE-8DA4-BABD04491386}.AppStore|x64.ActiveCfg = AppStore|iPhone
		{E1296DF3-F289-4BCE-8DA4-BABD04491386}.AppStore|x64.Build.0 = AppStore|iPhone
		{E1296DF3-F289-4BCE-8DA4-BABD04491386}.AppStore|x64.Deploy.0 = AppStore|iPhone
		{E1296DF3-F289-4BCE-8DA4-BABD04491386}.AppStore|x86.ActiveCfg = AppStore|iPhone
		{E1296DF3-F289-4BCE-8DA4-BABD04491386}.AppStore|x86.Build.0 = AppStore|iPhone
		{E1296DF3-F289-4BCE-8DA4-BABD04491386}.AppStore|x86.Deploy.0 = AppStore|iPhone
		{E1296DF3-F289-4BCE-8DA4-BABD04491386}.Debug|Any CPU.ActiveCfg = Debug|iPhoneSimulator
		{E1296DF3-F289-4BCE-8DA4-BABD04491386}.Debug|Any CPU.Deploy.0 = Debug|iPhoneSimulator
		{E1296DF3-F289-4BCE-8DA4-BABD04491386}.Debug|ARM.ActiveCfg = Debug|iPhone
		{E1296DF3-F289-4BCE-8DA4-BABD04491386}.Debug|ARM.Build.0 = Debug|iPhone
		{E1296DF3-F289-4BCE-8DA4-BABD04491386}.Debug|ARM.Deploy.0 = Debug|iPhone
		{E1296DF3-F289-4BCE-8DA4-BABD04491386}.Debug|iPhone.ActiveCfg = Debug|iPhone
		{E1296DF3-F289-4BCE-8DA4-BABD04491386}.Debug|iPhone.Build.0 = Debug|iPhone
		{E1296DF3-F289-4BCE-8DA4-BABD04491386}.Debug|iPhone.Deploy.0 = Debug|iPhone
		{E1296DF3-F289-4BCE-8DA4-BABD04491386}.Debug|iPhoneSimulator.ActiveCfg = Debug|iPhoneSimulator
		{E1296DF3-F289-4BCE-8DA4-BABD04491386}.Debug|iPhoneSimulator.Build.0 = Debug|iPhoneSimulator
		{E1296DF3-F289-4BCE-8DA4-BABD04491386}.Debug|iPhoneSimulator.Deploy.0 = Debug|iPhoneSimulator
		{E1296DF3-F289-4BCE-8DA4-BABD04491386}.Debug|x64.ActiveCfg = Debug|iPhone
		{E1296DF3-F289-4BCE-8DA4-BABD04491386}.Debug|x64.Build.0 = Debug|iPhone
		{E1296DF3-F289-4BCE-8DA4-BABD04491386}.Debug|x64.Deploy.0 = Debug|iPhone
		{E1296DF3-F289-4BCE-8DA4-BABD04491386}.Debug|x86.ActiveCfg = Debug|iPhone
		{E1296DF3-F289-4BCE-8DA4-BABD04491386}.Debug|x86.Build.0 = Debug|iPhone
		{E1296DF3-F289-4BCE-8DA4-BABD04491386}.Debug|x86.Deploy.0 = Debug|iPhone
		{E1296DF3-F289-4BCE-8DA4-BABD04491386}.Release|Any CPU.ActiveCfg = Release|iPhone
		{E1296DF3-F289-4BCE-8DA4-BABD04491386}.Release|Any CPU.Build.0 = Release|iPhone
		{E1296DF3-F289-4BCE-8DA4-BABD04491386}.Release|Any CPU.Deploy.0 = Release|iPhone
		{E1296DF3-F289-4BCE-8DA4-BABD04491386}.Release|ARM.ActiveCfg = Release|iPhone
		{E1296DF3-F289-4BCE-8DA4-BABD04491386}.Release|ARM.Build.0 = Release|iPhone
		{E1296DF3-F289-4BCE-8DA4-BABD04491386}.Release|ARM.Deploy.0 = Release|iPhone
		{E1296DF3-F289-4BCE-8DA4-BABD04491386}.Release|iPhone.ActiveCfg = Release|iPhone
		{E1296DF3-F289-4BCE-8DA4-BABD04491386}.Release|iPhone.Build.0 = Release|iPhone
		{E1296DF3-F289-4BCE-8DA4-BABD04491386}.Release|iPhone.Deploy.0 = Release|iPhone
		{E1296DF3-F289-4BCE-8DA4-BABD04491386}.Release|iPhoneSimulator.ActiveCfg = Release|iPhoneSimulator
		{E1296DF3-F289-4BCE-8DA4-BABD04491386}.Release|iPhoneSimulator.Build.0 = Release|iPhoneSimulator
		{E1296DF3-F289-4BCE-8DA4-BABD04491386}.Release|iPhoneSimulator.Deploy.0 = Release|iPhoneSimulator
		{E1296DF3-F289-4BCE-8DA4-BABD04491386}.Release|x64.ActiveCfg = Release|iPhone
		{E1296DF3-F289-4BCE-8DA4-BABD04491386}.Release|x64.Build.0 = Release|iPhone
		{E1296DF3-F289-4BCE-8DA4-BABD04491386}.Release|x64.Deploy.0 = Release|iPhone
		{E1296DF3-F289-4BCE-8DA4-BABD04491386}.Release|x86.ActiveCfg = Release|iPhone
		{E1296DF3-F289-4BCE-8DA4-BABD04491386}.Release|x86.Build.0 = Release|iPhone
		{E1296DF3-F289-4BCE-8DA4-BABD04491386}.Release|x86.Deploy.0 = Release|iPhone
		{E4FC406D-B414-472E-BF84-D73EFA4FBE7F}.Ad-Hoc|Any CPU.ActiveCfg = Release|x86
		{E4FC406D-B414-472E-BF84-D73EFA4FBE7F}.Ad-Hoc|Any CPU.Build.0 = Release|x86
		{E4FC406D-B414-472E-BF84-D73EFA4FBE7F}.Ad-Hoc|Any CPU.Deploy.0 = Release|x86
		{E4FC406D-B414-472E-BF84-D73EFA4FBE7F}.Ad-Hoc|ARM.ActiveCfg = Release|ARM
		{E4FC406D-B414-472E-BF84-D73EFA4FBE7F}.Ad-Hoc|ARM.Build.0 = Release|ARM
		{E4FC406D-B414-472E-BF84-D73EFA4FBE7F}.Ad-Hoc|ARM.Deploy.0 = Release|ARM
		{E4FC406D-B414-472E-BF84-D73EFA4FBE7F}.Ad-Hoc|iPhone.ActiveCfg = Release|x86
		{E4FC406D-B414-472E-BF84-D73EFA4FBE7F}.Ad-Hoc|iPhone.Build.0 = Release|x86
		{E4FC406D-B414-472E-BF84-D73EFA4FBE7F}.Ad-Hoc|iPhone.Deploy.0 = Release|x86
		{E4FC406D-B414-472E-BF84-D73EFA4FBE7F}.Ad-Hoc|iPhoneSimulator.ActiveCfg = Release|x86
		{E4FC406D-B414-472E-BF84-D73EFA4FBE7F}.Ad-Hoc|iPhoneSimulator.Build.0 = Release|x86
		{E4FC406D-B414-472E-BF84-D73EFA4FBE7F}.Ad-Hoc|iPhoneSimulator.Deploy.0 = Release|x86
		{E4FC406D-B414-472E-BF84-D73EFA4FBE7F}.Ad-Hoc|x64.ActiveCfg = Release|x64
		{E4FC406D-B414-472E-BF84-D73EFA4FBE7F}.Ad-Hoc|x64.Build.0 = Release|x64
		{E4FC406D-B414-472E-BF84-D73EFA4FBE7F}.Ad-Hoc|x64.Deploy.0 = Release|x64
		{E4FC406D-B414-472E-BF84-D73EFA4FBE7F}.Ad-Hoc|x86.ActiveCfg = Release|x86
		{E4FC406D-B414-472E-BF84-D73EFA4FBE7F}.Ad-Hoc|x86.Build.0 = Release|x86
		{E4FC406D-B414-472E-BF84-D73EFA4FBE7F}.Ad-Hoc|x86.Deploy.0 = Release|x86
		{E4FC406D-B414-472E-BF84-D73EFA4FBE7F}.AppStore|Any CPU.ActiveCfg = Release|x86
		{E4FC406D-B414-472E-BF84-D73EFA4FBE7F}.AppStore|Any CPU.Build.0 = Release|x86
		{E4FC406D-B414-472E-BF84-D73EFA4FBE7F}.AppStore|Any CPU.Deploy.0 = Release|x86
		{E4FC406D-B414-472E-BF84-D73EFA4FBE7F}.AppStore|ARM.ActiveCfg = Release|ARM
		{E4FC406D-B414-472E-BF84-D73EFA4FBE7F}.AppStore|ARM.Build.0 = Release|ARM
		{E4FC406D-B414-472E-BF84-D73EFA4FBE7F}.AppStore|ARM.Deploy.0 = Release|ARM
		{E4FC406D-B414-472E-BF84-D73EFA4FBE7F}.AppStore|iPhone.ActiveCfg = Release|x86
		{E4FC406D-B414-472E-BF84-D73EFA4FBE7F}.AppStore|iPhone.Build.0 = Release|x86
		{E4FC406D-B414-472E-BF84-D73EFA4FBE7F}.AppStore|iPhone.Deploy.0 = Release|x86
		{E4FC406D-B414-472E-BF84-D73EFA4FBE7F}.AppStore|iPhoneSimulator.ActiveCfg = Release|x86
		{E4FC406D-B414-472E-BF84-D73EFA4FBE7F}.AppStore|iPhoneSimulator.Build.0 = Release|x86
		{E4FC406D-B414-472E-BF84-D73EFA4FBE7F}.AppStore|iPhoneSimulator.Deploy.0 = Release|x86
		{E4FC406D-B414-472E-BF84-D73EFA4FBE7F}.AppStore|x64.ActiveCfg = Release|x64
		{E4FC406D-B414-472E-BF84-D73EFA4FBE7F}.AppStore|x64.Build.0 = Release|x64
		{E4FC406D-B414-472E-BF84-D73EFA4FBE7F}.AppStore|x64.Deploy.0 = Release|x64
		{E4FC406D-B414-472E-BF84-D73EFA4FBE7F}.AppStore|x86.ActiveCfg = Release|x86
		{E4FC406D-B414-472E-BF84-D73EFA4FBE7F}.AppStore|x86.Build.0 = Release|x86
		{E4FC406D-B414-472E-BF84-D73EFA4FBE7F}.AppStore|x86.Deploy.0 = Release|x86
		{E4FC406D-B414-472E-BF84-D73EFA4FBE7F}.Debug|Any CPU.ActiveCfg = Debug|x86
		{E4FC406D-B414-472E-BF84-D73EFA4FBE7F}.Debug|ARM.ActiveCfg = Debug|ARM
		{E4FC406D-B414-472E-BF84-D73EFA4FBE7F}.Debug|ARM.Build.0 = Debug|ARM
		{E4FC406D-B414-472E-BF84-D73EFA4FBE7F}.Debug|ARM.Deploy.0 = Debug|ARM
		{E4FC406D-B414-472E-BF84-D73EFA4FBE7F}.Debug|iPhone.ActiveCfg = Debug|x86
		{E4FC406D-B414-472E-BF84-D73EFA4FBE7F}.Debug|iPhone.Build.0 = Debug|x86
		{E4FC406D-B414-472E-BF84-D73EFA4FBE7F}.Debug|iPhone.Deploy.0 = Debug|x86
		{E4FC406D-B414-472E-BF84-D73EFA4FBE7F}.Debug|iPhoneSimulator.ActiveCfg = Debug|x86
		{E4FC406D-B414-472E-BF84-D73EFA4FBE7F}.Debug|iPhoneSimulator.Build.0 = Debug|x86
		{E4FC406D-B414-472E-BF84-D73EFA4FBE7F}.Debug|iPhoneSimulator.Deploy.0 = Debug|x86
		{E4FC406D-B414-472E-BF84-D73EFA4FBE7F}.Debug|x64.ActiveCfg = Debug|x64
		{E4FC406D-B414-472E-BF84-D73EFA4FBE7F}.Debug|x64.Build.0 = Debug|x64
		{E4FC406D-B414-472E-BF84-D73EFA4FBE7F}.Debug|x64.Deploy.0 = Debug|x64
		{E4FC406D-B414-472E-BF84-D73EFA4FBE7F}.Debug|x86.ActiveCfg = Debug|x86
		{E4FC406D-B414-472E-BF84-D73EFA4FBE7F}.Debug|x86.Build.0 = Debug|x86
		{E4FC406D-B414-472E-BF84-D73EFA4FBE7F}.Debug|x86.Deploy.0 = Debug|x86
		{E4FC406D-B414-472E-BF84-D73EFA4FBE7F}.Release|Any CPU.ActiveCfg = Release|x86
		{E4FC406D-B414-472E-BF84-D73EFA4FBE7F}.Release|Any CPU.Build.0 = Release|x86
		{E4FC406D-B414-472E-BF84-D73EFA4FBE7F}.Release|Any CPU.Deploy.0 = Release|x86
		{E4FC406D-B414-472E-BF84-D73EFA4FBE7F}.Release|ARM.ActiveCfg = Release|ARM
		{E4FC406D-B414-472E-BF84-D73EFA4FBE7F}.Release|ARM.Build.0 = Release|ARM
		{E4FC406D-B414-472E-BF84-D73EFA4FBE7F}.Release|ARM.Deploy.0 = Release|ARM
		{E4FC406D-B414-472E-BF84-D73EFA4FBE7F}.Release|iPhone.ActiveCfg = Release|x86
		{E4FC406D-B414-472E-BF84-D73EFA4FBE7F}.Release|iPhone.Build.0 = Release|x86
		{E4FC406D-B414-472E-BF84-D73EFA4FBE7F}.Release|iPhone.Deploy.0 = Release|x86
		{E4FC406D-B414-472E-BF84-D73EFA4FBE7F}.Release|iPhoneSimulator.ActiveCfg = Release|x86
		{E4FC406D-B414-472E-BF84-D73EFA4FBE7F}.Release|iPhoneSimulator.Build.0 = Release|x86
		{E4FC406D-B414-472E-BF84-D73EFA4FBE7F}.Release|iPhoneSimulator.Deploy.0 = Release|x86
		{E4FC406D-B414-472E-BF84-D73EFA4FBE7F}.Release|x64.ActiveCfg = Release|x64
		{E4FC406D-B414-472E-BF84-D73EFA4FBE7F}.Release|x64.Build.0 = Release|x64
		{E4FC406D-B414-472E-BF84-D73EFA4FBE7F}.Release|x64.Deploy.0 = Release|x64
		{E4FC406D-B414-472E-BF84-D73EFA4FBE7F}.Release|x86.ActiveCfg = Release|x86
		{E4FC406D-B414-472E-BF84-D73EFA4FBE7F}.Release|x86.Build.0 = Release|x86
		{E4FC406D-B414-472E-BF84-D73EFA4FBE7F}.Release|x86.Deploy.0 = Release|x86
		{91E19DA1-508B-48CA-B82E-38841713A080}.Ad-Hoc|Any CPU.ActiveCfg = Debug|Any CPU
		{91E19DA1-508B-48CA-B82E-38841713A080}.Ad-Hoc|Any CPU.Build.0 = Debug|Any CPU
		{91E19DA1-508B-48CA-B82E-38841713A080}.Ad-Hoc|Any CPU.Deploy.0 = Debug|Any CPU
		{91E19DA1-508B-48CA-B82E-38841713A080}.Ad-Hoc|ARM.ActiveCfg = Debug|Any CPU
		{91E19DA1-508B-48CA-B82E-38841713A080}.Ad-Hoc|ARM.Build.0 = Debug|Any CPU
		{91E19DA1-508B-48CA-B82E-38841713A080}.Ad-Hoc|ARM.Deploy.0 = Debug|Any CPU
		{91E19DA1-508B-48CA-B82E-38841713A080}.Ad-Hoc|iPhone.ActiveCfg = Debug|Any CPU
		{91E19DA1-508B-48CA-B82E-38841713A080}.Ad-Hoc|iPhone.Build.0 = Debug|Any CPU
		{91E19DA1-508B-48CA-B82E-38841713A080}.Ad-Hoc|iPhone.Deploy.0 = Debug|Any CPU
		{91E19DA1-508B-48CA-B82E-38841713A080}.Ad-Hoc|iPhoneSimulator.ActiveCfg = Debug|Any CPU
		{91E19DA1-508B-48CA-B82E-38841713A080}.Ad-Hoc|iPhoneSimulator.Build.0 = Debug|Any CPU
		{91E19DA1-508B-48CA-B82E-38841713A080}.Ad-Hoc|iPhoneSimulator.Deploy.0 = Debug|Any CPU
		{91E19DA1-508B-48CA-B82E-38841713A080}.Ad-Hoc|x64.ActiveCfg = Debug|Any CPU
		{91E19DA1-508B-48CA-B82E-38841713A080}.Ad-Hoc|x64.Build.0 = Debug|Any CPU
		{91E19DA1-508B-48CA-B82E-38841713A080}.Ad-Hoc|x64.Deploy.0 = Debug|Any CPU
		{91E19DA1-508B-48CA-B82E-38841713A080}.Ad-Hoc|x86.ActiveCfg = Debug|Any CPU
		{91E19DA1-508B-48CA-B82E-38841713A080}.Ad-Hoc|x86.Build.0 = Debug|Any CPU
		{91E19DA1-508B-48CA-B82E-38841713A080}.Ad-Hoc|x86.Deploy.0 = Debug|Any CPU
		{91E19DA1-508B-48CA-B82E-38841713A080}.AppStore|Any CPU.ActiveCfg = Debug|Any CPU
		{91E19DA1-508B-48CA-B82E-38841713A080}.AppStore|Any CPU.Build.0 = Debug|Any CPU
		{91E19DA1-508B-48CA-B82E-38841713A080}.AppStore|Any CPU.Deploy.0 = Debug|Any CPU
		{91E19DA1-508B-48CA-B82E-38841713A080}.AppStore|ARM.ActiveCfg = Debug|Any CPU
		{91E19DA1-508B-48CA-B82E-38841713A080}.AppStore|ARM.Build.0 = Debug|Any CPU
		{91E19DA1-508B-48CA-B82E-38841713A080}.AppStore|ARM.Deploy.0 = Debug|Any CPU
		{91E19DA1-508B-48CA-B82E-38841713A080}.AppStore|iPhone.ActiveCfg = Debug|Any CPU
		{91E19DA1-508B-48CA-B82E-38841713A080}.AppStore|iPhone.Build.0 = Debug|Any CPU
		{91E19DA1-508B-48CA-B82E-38841713A080}.AppStore|iPhone.Deploy.0 = Debug|Any CPU
		{91E19DA1-508B-48CA-B82E-38841713A080}.AppStore|iPhoneSimulator.ActiveCfg = Debug|Any CPU
		{91E19DA1-508B-48CA-B82E-38841713A080}.AppStore|iPhoneSimulator.Build.0 = Debug|Any CPU
		{91E19DA1-508B-48CA-B82E-38841713A080}.AppStore|iPhoneSimulator.Deploy.0 = Debug|Any CPU
		{91E19DA1-508B-48CA-B82E-38841713A080}.AppStore|x64.ActiveCfg = Debug|Any CPU
		{91E19DA1-508B-48CA-B82E-38841713A080}.AppStore|x64.Build.0 = Debug|Any CPU
		{91E19DA1-508B-48CA-B82E-38841713A080}.AppStore|x64.Deploy.0 = Debug|Any CPU
		{91E19DA1-508B-48CA-B82E-38841713A080}.AppStore|x86.ActiveCfg = Debug|Any CPU
		{91E19DA1-508B-48CA-B82E-38841713A080}.AppStore|x86.Build.0 = Debug|Any CPU
		{91E19DA1-508B-48CA-B82E-38841713A080}.AppStore|x86.Deploy.0 = Debug|Any CPU
		{91E19DA1-508B-48CA-B82E-38841713A080}.Debug|Any CPU.ActiveCfg = Debug|Any CPU
		{91E19DA1-508B-48CA-B82E-38841713A080}.Debug|Any CPU.Build.0 = Debug|Any CPU
		{91E19DA1-508B-48CA-B82E-38841713A080}.Debug|Any CPU.Deploy.0 = Debug|Any CPU
		{91E19DA1-508B-48CA-B82E-38841713A080}.Debug|ARM.ActiveCfg = Debug|Any CPU
		{91E19DA1-508B-48CA-B82E-38841713A080}.Debug|ARM.Build.0 = Debug|Any CPU
		{91E19DA1-508B-48CA-B82E-38841713A080}.Debug|ARM.Deploy.0 = Debug|Any CPU
		{91E19DA1-508B-48CA-B82E-38841713A080}.Debug|iPhone.ActiveCfg = Debug|Any CPU
		{91E19DA1-508B-48CA-B82E-38841713A080}.Debug|iPhone.Build.0 = Debug|Any CPU
		{91E19DA1-508B-48CA-B82E-38841713A080}.Debug|iPhone.Deploy.0 = Debug|Any CPU
		{91E19DA1-508B-48CA-B82E-38841713A080}.Debug|iPhoneSimulator.ActiveCfg = Debug|Any CPU
		{91E19DA1-508B-48CA-B82E-38841713A080}.Debug|iPhoneSimulator.Build.0 = Debug|Any CPU
		{91E19DA1-508B-48CA-B82E-38841713A080}.Debug|iPhoneSimulator.Deploy.0 = Debug|Any CPU
		{91E19DA1-508B-48CA-B82E-38841713A080}.Debug|x64.ActiveCfg = Debug|Any CPU
		{91E19DA1-508B-48CA-B82E-38841713A080}.Debug|x64.Build.0 = Debug|Any CPU
		{91E19DA1-508B-48CA-B82E-38841713A080}.Debug|x64.Deploy.0 = Debug|Any CPU
		{91E19DA1-508B-48CA-B82E-38841713A080}.Debug|x86.ActiveCfg = Debug|Any CPU
		{91E19DA1-508B-48CA-B82E-38841713A080}.Debug|x86.Build.0 = Debug|Any CPU
		{91E19DA1-508B-48CA-B82E-38841713A080}.Debug|x86.Deploy.0 = Debug|Any CPU
		{91E19DA1-508B-48CA-B82E-38841713A080}.Release|Any CPU.ActiveCfg = Release|Any CPU
		{91E19DA1-508B-48CA-B82E-38841713A080}.Release|Any CPU.Build.0 = Release|Any CPU
		{91E19DA1-508B-48CA-B82E-38841713A080}.Release|Any CPU.Deploy.0 = Release|Any CPU
		{91E19DA1-508B-48CA-B82E-38841713A080}.Release|ARM.ActiveCfg = Release|Any CPU
		{91E19DA1-508B-48CA-B82E-38841713A080}.Release|ARM.Build.0 = Release|Any CPU
		{91E19DA1-508B-48CA-B82E-38841713A080}.Release|ARM.Deploy.0 = Release|Any CPU
		{91E19DA1-508B-48CA-B82E-38841713A080}.Release|iPhone.ActiveCfg = Release|Any CPU
		{91E19DA1-508B-48CA-B82E-38841713A080}.Release|iPhone.Build.0 = Release|Any CPU
		{91E19DA1-508B-48CA-B82E-38841713A080}.Release|iPhone.Deploy.0 = Release|Any CPU
		{91E19DA1-508B-48CA-B82E-38841713A080}.Release|iPhoneSimulator.ActiveCfg = Release|Any CPU
		{91E19DA1-508B-48CA-B82E-38841713A080}.Release|iPhoneSimulator.Build.0 = Release|Any CPU
		{91E19DA1-508B-48CA-B82E-38841713A080}.Release|iPhoneSimulator.Deploy.0 = Release|Any CPU
		{91E19DA1-508B-48CA-B82E-38841713A080}.Release|x64.ActiveCfg = Release|Any CPU
		{91E19DA1-508B-48CA-B82E-38841713A080}.Release|x64.Build.0 = Release|Any CPU
		{91E19DA1-508B-48CA-B82E-38841713A080}.Release|x64.Deploy.0 = Release|Any CPU
		{91E19DA1-508B-48CA-B82E-38841713A080}.Release|x86.ActiveCfg = Release|Any CPU
		{91E19DA1-508B-48CA-B82E-38841713A080}.Release|x86.Build.0 = Release|Any CPU
		{91E19DA1-508B-48CA-B82E-38841713A080}.Release|x86.Deploy.0 = Release|Any CPU
	EndGlobalSection
	GlobalSection(SolutionProperties) = preSolution
		HideSolutionNode = FALSE
	EndGlobalSection
	GlobalSection(ExtensibilityGlobals) = postSolution
		SolutionGuid = {863849EB-0464-4BF5-AB61-FAE33B647C85}
	EndGlobalSection
EndGlobal
